{
    "version": 3,
    "terraform_version": "0.11.3",
    "serial": 2,
    "lineage": "032093fc-66e1-4937-85f3-20042711c5fc",
    "modules": [
        {
            "path": [
                "root"
            ],
            "outputs": {
                "Bucker Name": {
                    "sensitive": false,
                    "type": "string",
                    "value": "la-terraform-3129"
                }
            },
            "resources": {},
            "depends_on": []
        },
        {
            "path": [
                "root",
                "storage"
            ],
            "outputs": {
                "bucketname": {
                    "sensitive": false,
                    "type": "string",
                    "value": "la-terraform-3129"
                }
            },
            "resources": {
                "aws_s3_bucket.tf_code": {
                    "type": "aws_s3_bucket",
                    "depends_on": [
                        "random_id.tf_bucket_id"
                    ],
                    "primary": {
                        "id": "la-terraform-3129",
                        "attributes": {
                            "acceleration_status": "",
                            "acl": "private",
                            "arn": "arn:aws:s3:::la-terraform-3129",
                            "bucket": "la-terraform-3129",
                            "bucket_domain_name": "la-terraform-3129.s3.amazonaws.com",
                            "bucket_regional_domain_name": "la-terraform-3129.s3.us-west-2.amazonaws.com",
                            "cors_rule.#": "0",
                            "force_destroy": "true",
                            "hosted_zone_id": "Z3BJ6K6RIION7M",
                            "id": "la-terraform-3129",
                            "lifecycle_rule.#": "0",
                            "logging.#": "0",
                            "object_lock_configuration.#": "0",
                            "region": "us-west-2",
                            "replication_configuration.#": "0",
                            "request_payer": "BucketOwner",
                            "server_side_encryption_configuration.#": "0",
                            "tags.%": "1",
                            "tags.Name": "tf_bucket",
                            "versioning.#": "1",
                            "versioning.0.enabled": "false",
                            "versioning.0.mfa_delete": "false",
                            "website.#": "0"
                        },
                        "meta": {},
                        "tainted": false
                    },
                    "deposed": [],
                    "provider": "provider.aws"
                },
                "random_id.tf_bucket_id": {
                    "type": "random_id",
                    "depends_on": [],
                    "primary": {
                        "id": "DDk",
                        "attributes": {
                            "b64": "DDk",
                            "b64_std": "DDk=",
                            "b64_url": "DDk",
                            "byte_length": "2",
                            "dec": "3129",
                            "hex": "0c39",
                            "id": "DDk"
                        },
                        "meta": {},
                        "tainted": false
                    },
                    "deposed": [],
                    "provider": "provider.random"
                }
            },
            "depends_on": []
        }
    ]
}
