{
    "version": 3,
    "terraform_version": "0.11.3",
    "serial": 5,
    "lineage": "032093fc-66e1-4937-85f3-20042711c5fc",
    "modules": [
        {
            "path": [
                "root"
            ],
            "outputs": {
                "Bucket Name": {
                    "sensitive": false,
                    "type": "string",
                    "value": "la-terraform-3129"
                },
                "Public Instance Ids": {
                    "sensitive": false,
                    "type": "string",
                    "value": "i-03a26b47b1089bb21, i-089c1827226e5f956"
                },
                "Public Security Group": {
                    "sensitive": false,
                    "type": "string",
                    "value": "sg-0bb17d1332b568c15"
                },
                "Public Subnets": {
                    "sensitive": false,
                    "type": "string",
                    "value": "subnet-07866152a6266ca7c, subnet-0a000ed66e06357c7"
                },
                "Public instance ips": {
                    "sensitive": false,
                    "type": "string",
                    "value": "52.33.175.171, 54.212.115.221"
                },
                "Subnet ips": {
                    "sensitive": false,
                    "type": "string",
                    "value": "10.123.1.0/24, 10.123.2.0/24"
                }
            },
            "resources": {},
            "depends_on": []
        },
        {
            "path": [
                "root",
                "compute"
            ],
            "outputs": {
                "server_id": {
                    "sensitive": false,
                    "type": "string",
                    "value": "i-03a26b47b1089bb21, i-089c1827226e5f956"
                },
                "server_ip": {
                    "sensitive": false,
                    "type": "string",
                    "value": "52.33.175.171, 54.212.115.221"
                }
            },
            "resources": {
                "aws_instance.tf_server.0": {
                    "type": "aws_instance",
                    "depends_on": [
                        "aws_key_pair.tf_auth",
                        "data.aws_ami.server_ami",
                        "data.template_file.user-init.*"
                    ],
                    "primary": {
                        "id": "i-03a26b47b1089bb21",
                        "attributes": {
                            "ami": "ami-01e24be29428c15b2",
                            "arn": "arn:aws:ec2:us-west-2:648526511106:instance/i-03a26b47b1089bb21",
                            "associate_public_ip_address": "true",
                            "availability_zone": "us-west-2a",
                            "cpu_core_count": "1",
                            "cpu_threads_per_core": "1",
                            "credit_specification.#": "1",
                            "credit_specification.0.cpu_credits": "standard",
                            "disable_api_termination": "false",
                            "ebs_block_device.#": "0",
                            "ebs_optimized": "false",
                            "ephemeral_block_device.#": "0",
                            "get_password_data": "false",
                            "iam_instance_profile": "",
                            "id": "i-03a26b47b1089bb21",
                            "instance_state": "running",
                            "instance_type": "t2.micro",
                            "ipv6_address_count": "0",
                            "ipv6_addresses.#": "0",
                            "key_name": "tf_key",
                            "monitoring": "false",
                            "network_interface.#": "0",
                            "password_data": "",
                            "placement_group": "",
                            "primary_network_interface_id": "eni-04e85473b5cd9eab5",
                            "private_dns": "ip-10-123-1-113.us-west-2.compute.internal",
                            "private_ip": "10.123.1.113",
                            "public_dns": "ec2-52-33-175-171.us-west-2.compute.amazonaws.com",
                            "public_ip": "52.33.175.171",
                            "root_block_device.#": "1",
                            "root_block_device.0.delete_on_termination": "true",
                            "root_block_device.0.iops": "100",
                            "root_block_device.0.volume_id": "vol-007ef2e4efe369acd",
                            "root_block_device.0.volume_size": "8",
                            "root_block_device.0.volume_type": "gp2",
                            "security_groups.#": "0",
                            "source_dest_check": "true",
                            "subnet_id": "subnet-07866152a6266ca7c",
                            "tags.%": "1",
                            "tags.Name": "tf_server-1",
                            "tenancy": "default",
                            "user_data": "61f799d16fec5b12747de7b4a8a7baef0081f39f",
                            "volume_tags.%": "0",
                            "vpc_security_group_ids.#": "1",
                            "vpc_security_group_ids.3651592354": "sg-0bb17d1332b568c15"
                        },
                        "meta": {
                            "e2bfb730-ecaa-11e6-8f88-34363bc7c4c0": {
                                "create": 600000000000,
                                "delete": 1200000000000,
                                "update": 600000000000
                            },
                            "schema_version": "1"
                        },
                        "tainted": false
                    },
                    "deposed": [],
                    "provider": "provider.aws"
                },
                "aws_instance.tf_server.1": {
                    "type": "aws_instance",
                    "depends_on": [
                        "aws_key_pair.tf_auth",
                        "data.aws_ami.server_ami",
                        "data.template_file.user-init.*"
                    ],
                    "primary": {
                        "id": "i-089c1827226e5f956",
                        "attributes": {
                            "ami": "ami-01e24be29428c15b2",
                            "arn": "arn:aws:ec2:us-west-2:648526511106:instance/i-089c1827226e5f956",
                            "associate_public_ip_address": "true",
                            "availability_zone": "us-west-2b",
                            "cpu_core_count": "1",
                            "cpu_threads_per_core": "1",
                            "credit_specification.#": "1",
                            "credit_specification.0.cpu_credits": "standard",
                            "disable_api_termination": "false",
                            "ebs_block_device.#": "0",
                            "ebs_optimized": "false",
                            "ephemeral_block_device.#": "0",
                            "get_password_data": "false",
                            "iam_instance_profile": "",
                            "id": "i-089c1827226e5f956",
                            "instance_state": "running",
                            "instance_type": "t2.micro",
                            "ipv6_address_count": "0",
                            "ipv6_addresses.#": "0",
                            "key_name": "tf_key",
                            "monitoring": "false",
                            "network_interface.#": "0",
                            "password_data": "",
                            "placement_group": "",
                            "primary_network_interface_id": "eni-0732c7f2dc7064485",
                            "private_dns": "ip-10-123-2-52.us-west-2.compute.internal",
                            "private_ip": "10.123.2.52",
                            "public_dns": "ec2-54-212-115-221.us-west-2.compute.amazonaws.com",
                            "public_ip": "54.212.115.221",
                            "root_block_device.#": "1",
                            "root_block_device.0.delete_on_termination": "true",
                            "root_block_device.0.iops": "100",
                            "root_block_device.0.volume_id": "vol-01086029ef1750929",
                            "root_block_device.0.volume_size": "8",
                            "root_block_device.0.volume_type": "gp2",
                            "security_groups.#": "0",
                            "source_dest_check": "true",
                            "subnet_id": "subnet-0a000ed66e06357c7",
                            "tags.%": "1",
                            "tags.Name": "tf_server-2",
                            "tenancy": "default",
                            "user_data": "69e5cefa755f814eb69ebd83c8b3aca5cf9a9f50",
                            "volume_tags.%": "0",
                            "vpc_security_group_ids.#": "1",
                            "vpc_security_group_ids.3651592354": "sg-0bb17d1332b568c15"
                        },
                        "meta": {
                            "e2bfb730-ecaa-11e6-8f88-34363bc7c4c0": {
                                "create": 600000000000,
                                "delete": 1200000000000,
                                "update": 600000000000
                            },
                            "schema_version": "1"
                        },
                        "tainted": false
                    },
                    "deposed": [],
                    "provider": "provider.aws"
                },
                "aws_key_pair.tf_auth": {
                    "type": "aws_key_pair",
                    "depends_on": [],
                    "primary": {
                        "id": "tf_key",
                        "attributes": {
                            "fingerprint": "1f:bd:f6:c4:1e:cc:f9:40:a6:4c:02:7a:7a:a5:ab:37",
                            "id": "tf_key",
                            "key_name": "tf_key",
                            "public_key": "ssh-rsa AAAAB3NzaC1yc2EAAAADAQABAAABAQDl0aZUBABSRuHUWTh8mpE/2NyU6RLh7elzOXQUNhe8q2wWVUufBazmho1YSnlZ7BSrdsMRFRYZzQC8h5mOqDuAy3wMrbqlPzS+pao9kTv2sX/VfDqQP3ejVIpCJ+NDr5PPj0KwK1dO9sfTqsbOQrxHMWLbAnum8SJMsIyGCMQLpeLJ90yPNUxlERU8qGBkFh1UAYyYnA4ByO4Kkt+YSm5SAnHMYS1eNArEZhTTPukwWStI1HFRj9Hg1u19S+ydaDjCLbQV8BrymVvC3IlPhfEZbu8wM/7t7EHPP5oV4rX84KnHPYBKQNa+I8xiOGLBY8O4EZbgt9hNjv5ErSNrcNb5 ubuntu@ip-172-31-18-180"
                        },
                        "meta": {
                            "schema_version": "1"
                        },
                        "tainted": false
                    },
                    "deposed": [],
                    "provider": "provider.aws"
                },
                "data.aws_ami.server_ami": {
                    "type": "aws_ami",
                    "depends_on": [],
                    "primary": {
                        "id": "ami-01e24be29428c15b2",
                        "attributes": {
                            "architecture": "x86_64",
                            "block_device_mappings.#": "1",
                            "block_device_mappings.340275815.device_name": "/dev/xvda",
                            "block_device_mappings.340275815.ebs.%": "6",
                            "block_device_mappings.340275815.ebs.delete_on_termination": "true",
                            "block_device_mappings.340275815.ebs.encrypted": "false",
                            "block_device_mappings.340275815.ebs.iops": "0",
                            "block_device_mappings.340275815.ebs.snapshot_id": "snap-0af9c0b1d247238d6",
                            "block_device_mappings.340275815.ebs.volume_size": "8",
                            "block_device_mappings.340275815.ebs.volume_type": "gp2",
                            "block_device_mappings.340275815.no_device": "",
                            "block_device_mappings.340275815.virtual_name": "",
                            "creation_date": "2018-11-28T21:08:10.000Z",
                            "description": "Amazon Linux AMI 2018.03.0.20181129 x86_64 HVM gp2",
                            "filter.#": "2",
                            "filter.2898439165.name": "name",
                            "filter.2898439165.values.#": "1",
                            "filter.2898439165.values.0": "amzn-ami-hvm*-x86_64-gp2",
                            "filter.574890044.name": "owner-alias",
                            "filter.574890044.values.#": "1",
                            "filter.574890044.values.0": "amazon",
                            "hypervisor": "xen",
                            "id": "ami-01e24be29428c15b2",
                            "image_id": "ami-01e24be29428c15b2",
                            "image_location": "amazon/amzn-ami-hvm-2018.03.0.20181129-x86_64-gp2",
                            "image_owner_alias": "amazon",
                            "image_type": "machine",
                            "most_recent": "true",
                            "name": "amzn-ami-hvm-2018.03.0.20181129-x86_64-gp2",
                            "owner_id": "137112412989",
                            "owners.#": "1",
                            "owners.0": "amazon",
                            "product_codes.#": "0",
                            "public": "true",
                            "root_device_name": "/dev/xvda",
                            "root_device_type": "ebs",
                            "root_snapshot_id": "snap-0af9c0b1d247238d6",
                            "sriov_net_support": "simple",
                            "state": "available",
                            "state_reason.%": "2",
                            "state_reason.code": "UNSET",
                            "state_reason.message": "UNSET",
                            "tags.%": "0",
                            "virtualization_type": "hvm"
                        },
                        "meta": {},
                        "tainted": false
                    },
                    "deposed": [],
                    "provider": "provider.aws"
                },
                "data.template_file.user-init.0": {
                    "type": "template_file",
                    "depends_on": [],
                    "primary": {
                        "id": "930c1435530cafe5ab6e18a03f13e7eeb6ffbf45c5e64ef27be09a51d0413368",
                        "attributes": {
                            "id": "930c1435530cafe5ab6e18a03f13e7eeb6ffbf45c5e64ef27be09a51d0413368",
                            "rendered": "#!/bin/bash\n#---template file this -----\nyum install httpd -y\necho \"Subnet for Firewall: 10.123.1.0/24\" \u003e\u003e /var/www/html/index.html\nservice httpd start\nchkconfig httpd on\n",
                            "template": "#!/bin/bash\n#---template file this -----\nyum install httpd -y\necho \"Subnet for Firewall: ${firewall_subnets}\" \u003e\u003e /var/www/html/index.html\nservice httpd start\nchkconfig httpd on\n",
                            "vars.%": "1",
                            "vars.firewall_subnets": "10.123.1.0/24"
                        },
                        "meta": {},
                        "tainted": false
                    },
                    "deposed": [],
                    "provider": "provider.template"
                },
                "data.template_file.user-init.1": {
                    "type": "template_file",
                    "depends_on": [],
                    "primary": {
                        "id": "e748fb0388f84d54bcfbc5d0d9f477dc000faf0f687dc6149b78f42377103bbd",
                        "attributes": {
                            "id": "e748fb0388f84d54bcfbc5d0d9f477dc000faf0f687dc6149b78f42377103bbd",
                            "rendered": "#!/bin/bash\n#---template file this -----\nyum install httpd -y\necho \"Subnet for Firewall: 10.123.2.0/24\" \u003e\u003e /var/www/html/index.html\nservice httpd start\nchkconfig httpd on\n",
                            "template": "#!/bin/bash\n#---template file this -----\nyum install httpd -y\necho \"Subnet for Firewall: ${firewall_subnets}\" \u003e\u003e /var/www/html/index.html\nservice httpd start\nchkconfig httpd on\n",
                            "vars.%": "1",
                            "vars.firewall_subnets": "10.123.2.0/24"
                        },
                        "meta": {},
                        "tainted": false
                    },
                    "deposed": [],
                    "provider": "provider.template"
                }
            },
            "depends_on": []
        },
        {
            "path": [
                "root",
                "networking"
            ],
            "outputs": {
                "public_sg": {
                    "sensitive": false,
                    "type": "string",
                    "value": "sg-0bb17d1332b568c15"
                },
                "public_subnets": {
                    "sensitive": false,
                    "type": "list",
                    "value": [
                        "subnet-07866152a6266ca7c",
                        "subnet-0a000ed66e06357c7"
                    ]
                },
                "subnet_ips": {
                    "sensitive": false,
                    "type": "list",
                    "value": [
                        "10.123.1.0/24",
                        "10.123.2.0/24"
                    ]
                }
            },
            "resources": {
                "aws_default_route_table.tf_private_rt": {
                    "type": "aws_default_route_table",
                    "depends_on": [
                        "aws_vpc.tf_vpc"
                    ],
                    "primary": {
                        "id": "rtb-0333da3826bde4979",
                        "attributes": {
                            "default_route_table_id": "rtb-0333da3826bde4979",
                            "id": "rtb-0333da3826bde4979",
                            "owner_id": "648526511106",
                            "propagating_vgws.#": "0",
                            "route.#": "0",
                            "tags.%": "1",
                            "tags.Name": "tf_private",
                            "vpc_id": "vpc-0f7c53594f5c5c585"
                        },
                        "meta": {},
                        "tainted": false
                    },
                    "deposed": [],
                    "provider": "provider.aws"
                },
                "aws_internet_gateway.tf_internet_gateway": {
                    "type": "aws_internet_gateway",
                    "depends_on": [
                        "aws_vpc.tf_vpc"
                    ],
                    "primary": {
                        "id": "igw-0fccba61229bc8e0c",
                        "attributes": {
                            "id": "igw-0fccba61229bc8e0c",
                            "owner_id": "648526511106",
                            "tags.%": "1",
                            "tags.Name": "tf_igw",
                            "vpc_id": "vpc-0f7c53594f5c5c585"
                        },
                        "meta": {},
                        "tainted": false
                    },
                    "deposed": [],
                    "provider": "provider.aws"
                },
                "aws_route_table.tf_public_rt": {
                    "type": "aws_route_table",
                    "depends_on": [
                        "aws_internet_gateway.tf_internet_gateway",
                        "aws_vpc.tf_vpc"
                    ],
                    "primary": {
                        "id": "rtb-0feabe88444ed8cc6",
                        "attributes": {
                            "id": "rtb-0feabe88444ed8cc6",
                            "owner_id": "648526511106",
                            "propagating_vgws.#": "0",
                            "route.#": "1",
                            "route.3448888956.cidr_block": "0.0.0.0/0",
                            "route.3448888956.egress_only_gateway_id": "",
                            "route.3448888956.gateway_id": "igw-0fccba61229bc8e0c",
                            "route.3448888956.instance_id": "",
                            "route.3448888956.ipv6_cidr_block": "",
                            "route.3448888956.nat_gateway_id": "",
                            "route.3448888956.network_interface_id": "",
                            "route.3448888956.transit_gateway_id": "",
                            "route.3448888956.vpc_peering_connection_id": "",
                            "tags.%": "1",
                            "tags.Name": "tf_public",
                            "vpc_id": "vpc-0f7c53594f5c5c585"
                        },
                        "meta": {},
                        "tainted": false
                    },
                    "deposed": [],
                    "provider": "provider.aws"
                },
                "aws_route_table_association.tf_public_assoc.0": {
                    "type": "aws_route_table_association",
                    "depends_on": [
                        "aws_route_table.tf_public_rt",
                        "aws_subnet.tf_public_subnet",
                        "aws_subnet.tf_public_subnet.*"
                    ],
                    "primary": {
                        "id": "rtbassoc-0486e9d5e2ee380e3",
                        "attributes": {
                            "id": "rtbassoc-0486e9d5e2ee380e3",
                            "route_table_id": "rtb-0feabe88444ed8cc6",
                            "subnet_id": "subnet-07866152a6266ca7c"
                        },
                        "meta": {},
                        "tainted": false
                    },
                    "deposed": [],
                    "provider": "provider.aws"
                },
                "aws_route_table_association.tf_public_assoc.1": {
                    "type": "aws_route_table_association",
                    "depends_on": [
                        "aws_route_table.tf_public_rt",
                        "aws_subnet.tf_public_subnet",
                        "aws_subnet.tf_public_subnet.*"
                    ],
                    "primary": {
                        "id": "rtbassoc-0f59abbf62fbd582e",
                        "attributes": {
                            "id": "rtbassoc-0f59abbf62fbd582e",
                            "route_table_id": "rtb-0feabe88444ed8cc6",
                            "subnet_id": "subnet-0a000ed66e06357c7"
                        },
                        "meta": {},
                        "tainted": false
                    },
                    "deposed": [],
                    "provider": "provider.aws"
                },
                "aws_security_group.tf_public_sg": {
                    "type": "aws_security_group",
                    "depends_on": [
                        "aws_vpc.tf_vpc"
                    ],
                    "primary": {
                        "id": "sg-0bb17d1332b568c15",
                        "attributes": {
                            "arn": "arn:aws:ec2:us-west-2:648526511106:security-group/sg-0bb17d1332b568c15",
                            "description": "used for access to the public instances",
                            "egress.#": "1",
                            "egress.482069346.cidr_blocks.#": "1",
                            "egress.482069346.cidr_blocks.0": "0.0.0.0/0",
                            "egress.482069346.description": "",
                            "egress.482069346.from_port": "0",
                            "egress.482069346.ipv6_cidr_blocks.#": "0",
                            "egress.482069346.prefix_list_ids.#": "0",
                            "egress.482069346.protocol": "-1",
                            "egress.482069346.security_groups.#": "0",
                            "egress.482069346.self": "false",
                            "egress.482069346.to_port": "0",
                            "id": "sg-0bb17d1332b568c15",
                            "ingress.#": "2",
                            "ingress.2214680975.cidr_blocks.#": "1",
                            "ingress.2214680975.cidr_blocks.0": "0.0.0.0/0",
                            "ingress.2214680975.description": "",
                            "ingress.2214680975.from_port": "80",
                            "ingress.2214680975.ipv6_cidr_blocks.#": "0",
                            "ingress.2214680975.prefix_list_ids.#": "0",
                            "ingress.2214680975.protocol": "tcp",
                            "ingress.2214680975.security_groups.#": "0",
                            "ingress.2214680975.self": "false",
                            "ingress.2214680975.to_port": "80",
                            "ingress.2541437006.cidr_blocks.#": "1",
                            "ingress.2541437006.cidr_blocks.0": "0.0.0.0/0",
                            "ingress.2541437006.description": "",
                            "ingress.2541437006.from_port": "22",
                            "ingress.2541437006.ipv6_cidr_blocks.#": "0",
                            "ingress.2541437006.prefix_list_ids.#": "0",
                            "ingress.2541437006.protocol": "tcp",
                            "ingress.2541437006.security_groups.#": "0",
                            "ingress.2541437006.self": "false",
                            "ingress.2541437006.to_port": "22",
                            "name": "tf_public_sg",
                            "owner_id": "648526511106",
                            "revoke_rules_on_delete": "false",
                            "tags.%": "0",
                            "vpc_id": "vpc-0f7c53594f5c5c585"
                        },
                        "meta": {
                            "e2bfb730-ecaa-11e6-8f88-34363bc7c4c0": {
                                "create": 600000000000,
                                "delete": 600000000000
                            },
                            "schema_version": "1"
                        },
                        "tainted": false
                    },
                    "deposed": [],
                    "provider": "provider.aws"
                },
                "aws_subnet.tf_public_subnet.0": {
                    "type": "aws_subnet",
                    "depends_on": [
                        "aws_vpc.tf_vpc",
                        "data.aws_availability_zones.available"
                    ],
                    "primary": {
                        "id": "subnet-07866152a6266ca7c",
                        "attributes": {
                            "arn": "arn:aws:ec2:us-west-2:648526511106:subnet/subnet-07866152a6266ca7c",
                            "assign_ipv6_address_on_creation": "false",
                            "availability_zone": "us-west-2a",
                            "availability_zone_id": "usw2-az1",
                            "cidr_block": "10.123.1.0/24",
                            "id": "subnet-07866152a6266ca7c",
                            "ipv6_cidr_block": "",
                            "ipv6_cidr_block_association_id": "",
                            "map_public_ip_on_launch": "true",
                            "owner_id": "648526511106",
                            "tags.%": "1",
                            "tags.Name": "tf_public_1",
                            "vpc_id": "vpc-0f7c53594f5c5c585"
                        },
                        "meta": {
                            "e2bfb730-ecaa-11e6-8f88-34363bc7c4c0": {
                                "create": 600000000000,
                                "delete": 600000000000
                            },
                            "schema_version": "1"
                        },
                        "tainted": false
                    },
                    "deposed": [],
                    "provider": "provider.aws"
                },
                "aws_subnet.tf_public_subnet.1": {
                    "type": "aws_subnet",
                    "depends_on": [
                        "aws_vpc.tf_vpc",
                        "data.aws_availability_zones.available"
                    ],
                    "primary": {
                        "id": "subnet-0a000ed66e06357c7",
                        "attributes": {
                            "arn": "arn:aws:ec2:us-west-2:648526511106:subnet/subnet-0a000ed66e06357c7",
                            "assign_ipv6_address_on_creation": "false",
                            "availability_zone": "us-west-2b",
                            "availability_zone_id": "usw2-az2",
                            "cidr_block": "10.123.2.0/24",
                            "id": "subnet-0a000ed66e06357c7",
                            "ipv6_cidr_block": "",
                            "ipv6_cidr_block_association_id": "",
                            "map_public_ip_on_launch": "true",
                            "owner_id": "648526511106",
                            "tags.%": "1",
                            "tags.Name": "tf_public_2",
                            "vpc_id": "vpc-0f7c53594f5c5c585"
                        },
                        "meta": {
                            "e2bfb730-ecaa-11e6-8f88-34363bc7c4c0": {
                                "create": 600000000000,
                                "delete": 600000000000
                            },
                            "schema_version": "1"
                        },
                        "tainted": false
                    },
                    "deposed": [],
                    "provider": "provider.aws"
                },
                "aws_vpc.tf_vpc": {
                    "type": "aws_vpc",
                    "depends_on": [],
                    "primary": {
                        "id": "vpc-0f7c53594f5c5c585",
                        "attributes": {
                            "arn": "arn:aws:ec2:us-west-2:648526511106:vpc/vpc-0f7c53594f5c5c585",
                            "assign_generated_ipv6_cidr_block": "false",
                            "cidr_block": "10.123.0.0/16",
                            "default_network_acl_id": "acl-026e1aa41c56e65cc",
                            "default_route_table_id": "rtb-0333da3826bde4979",
                            "default_security_group_id": "sg-00121ad0e2a9edf1c",
                            "dhcp_options_id": "dopt-88fa5df0",
                            "enable_classiclink": "false",
                            "enable_classiclink_dns_support": "false",
                            "enable_dns_hostnames": "true",
                            "enable_dns_support": "true",
                            "id": "vpc-0f7c53594f5c5c585",
                            "instance_tenancy": "default",
                            "ipv6_association_id": "",
                            "ipv6_cidr_block": "",
                            "main_route_table_id": "rtb-0333da3826bde4979",
                            "owner_id": "648526511106",
                            "tags.%": "1",
                            "tags.Name": "tf_vpc"
                        },
                        "meta": {
                            "schema_version": "1"
                        },
                        "tainted": false
                    },
                    "deposed": [],
                    "provider": "provider.aws"
                },
                "data.aws_availability_zones.available": {
                    "type": "aws_availability_zones",
                    "depends_on": [],
                    "primary": {
                        "id": "2019-04-30 17:52:17.442191959 +0000 UTC",
                        "attributes": {
                            "id": "2019-04-30 17:52:17.442191959 +0000 UTC",
                            "names.#": "4",
                            "names.0": "us-west-2a",
                            "names.1": "us-west-2b",
                            "names.2": "us-west-2c",
                            "names.3": "us-west-2d",
                            "zone_ids.#": "4",
                            "zone_ids.0": "usw2-az1",
                            "zone_ids.1": "usw2-az2",
                            "zone_ids.2": "usw2-az3",
                            "zone_ids.3": "usw2-az4"
                        },
                        "meta": {},
                        "tainted": false
                    },
                    "deposed": [],
                    "provider": "provider.aws"
                }
            },
            "depends_on": []
        },
        {
            "path": [
                "root",
                "storage"
            ],
            "outputs": {
                "bucketname": {
                    "sensitive": false,
                    "type": "string",
                    "value": "la-terraform-3129"
                }
            },
            "resources": {
                "aws_s3_bucket.tf_code": {
                    "type": "aws_s3_bucket",
                    "depends_on": [
                        "random_id.tf_bucket_id"
                    ],
                    "primary": {
                        "id": "la-terraform-3129",
                        "attributes": {
                            "acceleration_status": "",
                            "acl": "private",
                            "arn": "arn:aws:s3:::la-terraform-3129",
                            "bucket": "la-terraform-3129",
                            "bucket_domain_name": "la-terraform-3129.s3.amazonaws.com",
                            "bucket_regional_domain_name": "la-terraform-3129.s3.us-west-2.amazonaws.com",
                            "cors_rule.#": "0",
                            "force_destroy": "true",
                            "hosted_zone_id": "Z3BJ6K6RIION7M",
                            "id": "la-terraform-3129",
                            "lifecycle_rule.#": "0",
                            "logging.#": "0",
                            "object_lock_configuration.#": "0",
                            "region": "us-west-2",
                            "replication_configuration.#": "0",
                            "request_payer": "BucketOwner",
                            "server_side_encryption_configuration.#": "0",
                            "tags.%": "1",
                            "tags.Name": "tf_bucket",
                            "versioning.#": "1",
                            "versioning.0.enabled": "false",
                            "versioning.0.mfa_delete": "false",
                            "website.#": "0"
                        },
                        "meta": {},
                        "tainted": false
                    },
                    "deposed": [],
                    "provider": "provider.aws"
                },
                "random_id.tf_bucket_id": {
                    "type": "random_id",
                    "depends_on": [],
                    "primary": {
                        "id": "DDk",
                        "attributes": {
                            "b64": "DDk",
                            "b64_std": "DDk=",
                            "b64_url": "DDk",
                            "byte_length": "2",
                            "dec": "3129",
                            "hex": "0c39",
                            "id": "DDk"
                        },
                        "meta": {},
                        "tainted": false
                    },
                    "deposed": [],
                    "provider": "provider.random"
                }
            },
            "depends_on": []
        }
    ]
}
